
Microsoft Visual Studio Solution File, Format Version 12.00
# Visual Studio 2012
Project("{888888A0-9F3D-457C-B088-3A5042F75D52}") = "got-your-back", "got-your-back.pyproj", "{215EF717-9DA7-4B79-BFB6-B27BE6AE2F4A}"
EndProject
Global
	GlobalSection(SolutionConfigurationPlatforms) = preSolution
		Debug|Any CPU = Debug|Any CPU
		Release|Any CPU = Release|Any CPU
	EndGlobalSection
	GlobalSection(ProjectConfigurationPlatforms) = postSolution
		{215EF717-9DA7-4B79-BFB6-B27BE6AE2F4A}.Debug|Any CPU.ActiveCfg = Debug|Any CPU
		{215EF717-9DA7-4B79-BFB6-B27BE6AE2F4A}.Debug|Any CPU.Build.0 = Debug|Any CPU
		{215EF717-9DA7-4B79-BFB6-B27BE6AE2F4A}.Release|Any CPU.ActiveCfg = Release|Any CPU
		{215EF717-9DA7-4B79-BFB6-B27BE6AE2F4A}.Release|Any CPU.Build.0 = Release|Any CPU
	EndGlobalSection
	GlobalSection(SolutionProperties) = preSolution
		HideSolutionNode = FALSE
	EndGlobalSection
EndGlobal
